
Microsoft Visual Studio Solution File, Format Version 12.00
# Visual Studio Version 17
VisualStudioVersion = 17.0.31903.59
MinimumVisualStudioVersion = 10.0.40219.1
Project("{2150E333-8FDC-42A3-9474-1A3956D46DE8}") = "src", "src", "{827E0CD3-B72D-47B6-A68D-7590B98EB39B}"
EndProject
Project("{2150E333-8FDC-42A3-9474-1A3956D46DE8}") = "backend", "backend", "{FE360695-3F2B-1049-3887-35FBB5135923}"
EndProject
Project("{FAE04EC0-301F-11D3-BF4B-00C04F79EFBC}") = "Korp.SharedKernel", "src\backend\Korp.SharedKernel\Korp.SharedKernel.csproj", "{3CF4DF55-732F-4C75-BAC6-318342F42D59}"
EndProject
Project("{FAE04EC0-301F-11D3-BF4B-00C04F79EFBC}") = "Korp.Estoque.Domain", "src\backend\Korp.Estoque\Korp.Estoque.Domain\Korp.Estoque.Domain.csproj", "{34BAE25F-87FC-42B2-8456-04E647A3DE24}"
EndProject
Project("{FAE04EC0-301F-11D3-BF4B-00C04F79EFBC}") = "Korp.Estoque.Application", "src\backend\Korp.Estoque\Korp.Estoque.Application\Korp.Estoque.Application.csproj", "{85FE2D43-FD5F-43DE-9786-81321E57A2B5}"
EndProject
Project("{FAE04EC0-301F-11D3-BF4B-00C04F79EFBC}") = "Korp.Estoque.Infrastructure", "src\backend\Korp.Estoque\Korp.Estoque.Infrastructure\Korp.Estoque.Infrastructure.csproj", "{FB66A01C-9CBA-4A05-8F87-6683A8FFFB40}"
EndProject
Project("{FAE04EC0-301F-11D3-BF4B-00C04F79EFBC}") = "Korp.Estoque.API", "src\backend\Korp.Estoque\Korp.Estoque.API\Korp.Estoque.API.csproj", "{2111781A-9596-431D-8A67-0CB6B94181C7}"
EndProject
Project("{FAE04EC0-301F-11D3-BF4B-00C04F79EFBC}") = "Korp.Faturamento.Domain", "src\backend\Korp.Faturamento\Korp.Faturamento.Domain\Korp.Faturamento.Domain.csproj", "{90457DEB-5581-4424-88CB-EEBC6BCD53FF}"
EndProject
Project("{FAE04EC0-301F-11D3-BF4B-00C04F79EFBC}") = "Korp.Faturamento.Application", "src\backend\Korp.Faturamento\Korp.Faturamento.Application\Korp.Faturamento.Application.csproj", "{29AEF8A7-DE8C-4563-B07A-54981A2F295D}"
EndProject
Project("{FAE04EC0-301F-11D3-BF4B-00C04F79EFBC}") = "Korp.Faturamento.Infrastructure", "src\backend\Korp.Faturamento\Korp.Faturamento.Infrastructure\Korp.Faturamento.Infrastructure.csproj", "{0260DDA0-53BE-4BE4-BD82-FDF334ECDAFA}"
EndProject
Project("{FAE04EC0-301F-11D3-BF4B-00C04F79EFBC}") = "Korp.Faturamento.API", "src\backend\Korp.Faturamento\Korp.Faturamento.API\Korp.Faturamento.API.csproj", "{E2E47161-E7B7-46B6-96C9-DAD275757DC3}"
EndProject
Project("{FAE04EC0-301F-11D3-BF4B-00C04F79EFBC}") = "Korp.Estoque.UnitTests", "tests\Korp.Estoque.UnitTests\Korp.Estoque.UnitTests.csproj", "{C2F13170-F70D-4AA7-B3F1-F9772D13A5DC}"
EndProject
Project("{FAE04EC0-301F-11D3-BF4B-00C04F79EFBC}") = "Korp.Faturamento.UnitTests", "tests\Korp.Faturamento.UnitTests\Korp.Faturamento.UnitTests.csproj", "{88549DB8-CE64-4811-A301-33B9D2996E60}"
EndProject
Global
	GlobalSection(SolutionConfigurationPlatforms) = preSolution
		Debug|Any CPU = Debug|Any CPU
		Debug|x64 = Debug|x64
		Debug|x86 = Debug|x86
		Release|Any CPU = Release|Any CPU
		Release|x64 = Release|x64
		Release|x86 = Release|x86
	EndGlobalSection
	GlobalSection(ProjectConfigurationPlatforms) = postSolution
		{3CF4DF55-732F-4C75-BAC6-318342F42D59}.Debug|Any CPU.ActiveCfg = Debug|Any CPU
		{3CF4DF55-732F-4C75-BAC6-318342F42D59}.Debug|Any CPU.Build.0 = Debug|Any CPU
		{3CF4DF55-732F-4C75-BAC6-318342F42D59}.Debug|x64.ActiveCfg = Debug|Any CPU
		{3CF4DF55-732F-4C75-BAC6-318342F42D59}.Debug|x64.Build.0 = Debug|Any CPU
		{3CF4DF55-732F-4C75-BAC6-318342F42D59}.Debug|x86.ActiveCfg = Debug|Any CPU
		{3CF4DF55-732F-4C75-BAC6-318342F42D59}.Debug|x86.Build.0 = Debug|Any CPU
		{3CF4DF55-732F-4C75-BAC6-318342F42D59}.Release|Any CPU.ActiveCfg = Release|Any CPU
		{3CF4DF55-732F-4C75-BAC6-318342F42D59}.Release|Any CPU.Build.0 = Release|Any CPU
		{3CF4DF55-732F-4C75-BAC6-318342F42D59}.Release|x64.ActiveCfg = Release|Any CPU
		{3CF4DF55-732F-4C75-BAC6-318342F42D59}.Release|x64.Build.0 = Release|Any CPU
		{3CF4DF55-732F-4C75-BAC6-318342F42D59}.Release|x86.ActiveCfg = Release|Any CPU
		{3CF4DF55-732F-4C75-BAC6-318342F42D59}.Release|x86.Build.0 = Release|Any CPU
		{34BAE25F-87FC-42B2-8456-04E647A3DE24}.Debug|Any CPU.ActiveCfg = Debug|Any CPU
		{34BAE25F-87FC-42B2-8456-04E647A3DE24}.Debug|Any CPU.Build.0 = Debug|Any CPU
		{34BAE25F-87FC-42B2-8456-04E647A3DE24}.Debug|x64.ActiveCfg = Debug|Any CPU
		{34BAE25F-87FC-42B2-8456-04E647A3DE24}.Debug|x64.Build.0 = Debug|Any CPU
		{34BAE25F-87FC-42B2-8456-04E647A3DE24}.Debug|x86.ActiveCfg = Debug|Any CPU
		{34BAE25F-87FC-42B2-8456-04E647A3DE24}.Debug|x86.Build.0 = Debug|Any CPU
		{34BAE25F-87FC-42B2-8456-04E647A3DE24}.Release|Any CPU.ActiveCfg = Release|Any CPU
		{34BAE25F-87FC-42B2-8456-04E647A3DE24}.Release|Any CPU.Build.0 = Release|Any CPU
		{34BAE25F-87FC-42B2-8456-04E647A3DE24}.Release|x64.ActiveCfg = Release|Any CPU
		{34BAE25F-87FC-42B2-8456-04E647A3DE24}.Release|x64.Build.0 = Release|Any CPU
		{34BAE25F-87FC-42B2-8456-04E647A3DE24}.Release|x86.ActiveCfg = Release|Any CPU
		{34BAE25F-87FC-42B2-8456-04E647A3DE24}.Release|x86.Build.0 = Release|Any CPU
		{85FE2D43-FD5F-43DE-9786-81321E57A2B5}.Debug|Any CPU.ActiveCfg = Debug|Any CPU
		{85FE2D43-FD5F-43DE-9786-81321E57A2B5}.Debug|Any CPU.Build.0 = Debug|Any CPU
		{85FE2D43-FD5F-43DE-9786-81321E57A2B5}.Debug|x64.ActiveCfg = Debug|Any CPU
		{85FE2D43-FD5F-43DE-9786-81321E57A2B5}.Debug|x64.Build.0 = Debug|Any CPU
		{85FE2D43-FD5F-43DE-9786-81321E57A2B5}.Debug|x86.ActiveCfg = Debug|Any CPU
		{85FE2D43-FD5F-43DE-9786-81321E57A2B5}.Debug|x86.Build.0 = Debug|Any CPU
		{85FE2D43-FD5F-43DE-9786-81321E57A2B5}.Release|Any CPU.ActiveCfg = Release|Any CPU
		{85FE2D43-FD5F-43DE-9786-81321E57A2B5}.Release|Any CPU.Build.0 = Release|Any CPU
		{85FE2D43-FD5F-43DE-9786-81321E57A2B5}.Release|x64.ActiveCfg = Release|Any CPU
		{85FE2D43-FD5F-43DE-9786-81321E57A2B5}.Release|x64.Build.0 = Release|Any CPU
		{85FE2D43-FD5F-43DE-9786-81321E57A2B5}.Release|x86.ActiveCfg = Release|Any CPU
		{85FE2D43-FD5F-43DE-9786-81321E57A2B5}.Release|x86.Build.0 = Release|Any CPU
		{FB66A01C-9CBA-4A05-8F87-6683A8FFFB40}.Debug|Any CPU.ActiveCfg = Debug|Any CPU
		{FB66A01C-9CBA-4A05-8F87-6683A8FFFB40}.Debug|Any CPU.Build.0 = Debug|Any CPU
		{FB66A01C-9CBA-4A05-8F87-6683A8FFFB40}.Debug|x64.ActiveCfg = Debug|Any CPU
		{FB66A01C-9CBA-4A05-8F87-6683A8FFFB40}.Debug|x64.Build.0 = Debug|Any CPU
		{FB66A01C-9CBA-4A05-8F87-6683A8FFFB40}.Debug|x86.ActiveCfg = Debug|Any CPU
		{FB66A01C-9CBA-4A05-8F87-6683A8FFFB40}.Debug|x86.Build.0 = Debug|Any CPU
		{FB66A01C-9CBA-4A05-8F87-6683A8FFFB40}.Release|Any CPU.ActiveCfg = Release|Any CPU
		{FB66A01C-9CBA-4A05-8F87-6683A8FFFB40}.Release|Any CPU.Build.0 = Release|Any CPU
		{FB66A01C-9CBA-4A05-8F87-6683A8FFFB40}.Release|x64.ActiveCfg = Release|Any CPU
		{FB66A01C-9CBA-4A05-8F87-6683A8FFFB40}.Release|x64.Build.0 = Release|Any CPU
		{FB66A01C-9CBA-4A05-8F87-6683A8FFFB40}.Release|x86.ActiveCfg = Release|Any CPU
		{FB66A01C-9CBA-4A05-8F87-6683A8FFFB40}.Release|x86.Build.0 = Release|Any CPU
		{2111781A-9596-431D-8A67-0CB6B94181C7}.Debug|Any CPU.ActiveCfg = Debug|Any CPU
		{2111781A-9596-431D-8A67-0CB6B94181C7}.Debug|Any CPU.Build.0 = Debug|Any CPU
		{2111781A-9596-431D-8A67-0CB6B94181C7}.Debug|x64.ActiveCfg = Debug|Any CPU
		{2111781A-9596-431D-8A67-0CB6B94181C7}.Debug|x64.Build.0 = Debug|Any CPU
		{2111781A-9596-431D-8A67-0CB6B94181C7}.Debug|x86.ActiveCfg = Debug|Any CPU
		{2111781A-9596-431D-8A67-0CB6B94181C7}.Debug|x86.Build.0 = Debug|Any CPU
		{2111781A-9596-431D-8A67-0CB6B94181C7}.Release|Any CPU.ActiveCfg = Release|Any CPU
		{2111781A-9596-431D-8A67-0CB6B94181C7}.Release|Any CPU.Build.0 = Release|Any CPU
		{2111781A-9596-431D-8A67-0CB6B94181C7}.Release|x64.ActiveCfg = Release|Any CPU
		{2111781A-9596-431D-8A67-0CB6B94181C7}.Release|x64.Build.0 = Release|Any CPU
		{2111781A-9596-431D-8A67-0CB6B94181C7}.Release|x86.ActiveCfg = Release|Any CPU
		{2111781A-9596-431D-8A67-0CB6B94181C7}.Release|x86.Build.0 = Release|Any CPU
		{90457DEB-5581-4424-88CB-EEBC6BCD53FF}.Debug|Any CPU.ActiveCfg = Debug|Any CPU
		{90457DEB-5581-4424-88CB-EEBC6BCD53FF}.Debug|Any CPU.Build.0 = Debug|Any CPU
		{90457DEB-5581-4424-88CB-EEBC6BCD53FF}.Debug|x64.ActiveCfg = Debug|Any CPU
		{90457DEB-5581-4424-88CB-EEBC6BCD53FF}.Debug|x64.Build.0 = Debug|Any CPU
		{90457DEB-5581-4424-88CB-EEBC6BCD53FF}.Debug|x86.ActiveCfg = Debug|Any CPU
		{90457DEB-5581-4424-88CB-EEBC6BCD53FF}.Debug|x86.Build.0 = Debug|Any CPU
		{90457DEB-5581-4424-88CB-EEBC6BCD53FF}.Release|Any CPU.ActiveCfg = Release|Any CPU
		{90457DEB-5581-4424-88CB-EEBC6BCD53FF}.Release|Any CPU.Build.0 = Release|Any CPU
		{90457DEB-5581-4424-88CB-EEBC6BCD53FF}.Release|x64.ActiveCfg = Release|Any CPU
		{90457DEB-5581-4424-88CB-EEBC6BCD53FF}.Release|x64.Build.0 = Release|Any CPU
		{90457DEB-5581-4424-88CB-EEBC6BCD53FF}.Release|x86.ActiveCfg = Release|Any CPU
		{90457DEB-5581-4424-88CB-EEBC6BCD53FF}.Release|x86.Build.0 = Release|Any CPU
		{29AEF8A7-DE8C-4563-B07A-54981A2F295D}.Debug|Any CPU.ActiveCfg = Debug|Any CPU
		{29AEF8A7-DE8C-4563-B07A-54981A2F295D}.Debug|Any CPU.Build.0 = Debug|Any CPU
		{29AEF8A7-DE8C-4563-B07A-54981A2F295D}.Debug|x64.ActiveCfg = Debug|Any CPU
		{29AEF8A7-DE8C-4563-B07A-54981A2F295D}.Debug|x64.Build.0 = Debug|Any CPU
		{29AEF8A7-DE8C-4563-B07A-54981A2F295D}.Debug|x86.ActiveCfg = Debug|Any CPU
		{29AEF8A7-DE8C-4563-B07A-54981A2F295D}.Debug|x86.Build.0 = Debug|Any CPU
		{29AEF8A7-DE8C-4563-B07A-54981A2F295D}.Release|Any CPU.ActiveCfg = Release|Any CPU
		{29AEF8A7-DE8C-4563-B07A-54981A2F295D}.Release|Any CPU.Build.0 = Release|Any CPU
		{29AEF8A7-DE8C-4563-B07A-54981A2F295D}.Release|x64.ActiveCfg = Release|Any CPU
		{29AEF8A7-DE8C-4563-B07A-54981A2F295D}.Release|x64.Build.0 = Release|Any CPU
		{29AEF8A7-DE8C-4563-B07A-54981A2F295D}.Release|x86.ActiveCfg = Release|Any CPU
		{29AEF8A7-DE8C-4563-B07A-54981A2F295D}.Release|x86.Build.0 = Release|Any CPU
		{0260DDA0-53BE-4BE4-BD82-FDF334ECDAFA}.Debug|Any CPU.ActiveCfg = Debug|Any CPU
		{0260DDA0-53BE-4BE4-BD82-FDF334ECDAFA}.Debug|Any CPU.Build.0 = Debug|Any CPU
		{0260DDA0-53BE-4BE4-BD82-FDF334ECDAFA}.Debug|x64.ActiveCfg = Debug|Any CPU
		{0260DDA0-53BE-4BE4-BD82-FDF334ECDAFA}.Debug|x64.Build.0 = Debug|Any CPU
		{0260DDA0-53BE-4BE4-BD82-FDF334ECDAFA}.Debug|x86.ActiveCfg = Debug|Any CPU
		{0260DDA0-53BE-4BE4-BD82-FDF334ECDAFA}.Debug|x86.Build.0 = Debug|Any CPU
		{0260DDA0-53BE-4BE4-BD82-FDF334ECDAFA}.Release|Any CPU.ActiveCfg = Release|Any CPU
		{0260DDA0-53BE-4BE4-BD82-FDF334ECDAFA}.Release|Any CPU.Build.0 = Release|Any CPU
		{0260DDA0-53BE-4BE4-BD82-FDF334ECDAFA}.Release|x64.ActiveCfg = Release|Any CPU
		{0260DDA0-53BE-4BE4-BD82-FDF334ECDAFA}.Release|x64.Build.0 = Release|Any CPU
		{0260DDA0-53BE-4BE4-BD82-FDF334ECDAFA}.Release|x86.ActiveCfg = Release|Any CPU
		{0260DDA0-53BE-4BE4-BD82-FDF334ECDAFA}.Release|x86.Build.0 = Release|Any CPU
		{E2E47161-E7B7-46B6-96C9-DAD275757DC3}.Debug|Any CPU.ActiveCfg = Debug|Any CPU
		{E2E47161-E7B7-46B6-96C9-DAD275757DC3}.Debug|Any CPU.Build.0 = Debug|Any CPU
		{E2E47161-E7B7-46B6-96C9-DAD275757DC3}.Debug|x64.ActiveCfg = Debug|Any CPU
		{E2E47161-E7B7-46B6-96C9-DAD275757DC3}.Debug|x64.Build.0 = Debug|Any CPU
		{E2E47161-E7B7-46B6-96C9-DAD275757DC3}.Debug|x86.ActiveCfg = Debug|Any CPU
		{E2E47161-E7B7-46B6-96C9-DAD275757DC3}.Debug|x86.Build.0 = Debug|Any CPU
		{E2E47161-E7B7-46B6-96C9-DAD275757DC3}.Release|Any CPU.ActiveCfg = Release|Any CPU
		{E2E47161-E7B7-46B6-96C9-DAD275757DC3}.Release|Any CPU.Build.0 = Release|Any CPU
		{E2E47161-E7B7-46B6-96C9-DAD275757DC3}.Release|x64.ActiveCfg = Release|Any CPU
		{E2E47161-E7B7-46B6-96C9-DAD275757DC3}.Release|x64.Build.0 = Release|Any CPU
		{E2E47161-E7B7-46B6-96C9-DAD275757DC3}.Release|x86.ActiveCfg = Release|Any CPU
		{E2E47161-E7B7-46B6-96C9-DAD275757DC3}.Release|x86.Build.0 = Release|Any CPU
		{C2F13170-F70D-4AA7-B3F1-F9772D13A5DC}.Debug|Any CPU.ActiveCfg = Debug|Any CPU
		{C2F13170-F70D-4AA7-B3F1-F9772D13A5DC}.Debug|Any CPU.Build.0 = Debug|Any CPU
		{C2F13170-F70D-4AA7-B3F1-F9772D13A5DC}.Debug|x64.ActiveCfg = Debug|Any CPU
		{C2F13170-F70D-4AA7-B3F1-F9772D13A5DC}.Debug|x64.Build.0 = Debug|Any CPU
		{C2F13170-F70D-4AA7-B3F1-F9772D13A5DC}.Debug|x86.ActiveCfg = Debug|Any CPU
		{C2F13170-F70D-4AA7-B3F1-F9772D13A5DC}.Debug|x86.Build.0 = Debug|Any CPU
		{C2F13170-F70D-4AA7-B3F1-F9772D13A5DC}.Release|Any CPU.ActiveCfg = Release|Any CPU
		{C2F13170-F70D-4AA7-B3F1-F9772D13A5DC}.Release|Any CPU.Build.0 = Release|Any CPU
		{C2F13170-F70D-4AA7-B3F1-F9772D13A5DC}.Release|x64.ActiveCfg = Release|Any CPU
		{C2F13170-F70D-4AA7-B3F1-F9772D13A5DC}.Release|x64.Build.0 = Release|Any CPU
		{C2F13170-F70D-4AA7-B3F1-F9772D13A5DC}.Release|x86.ActiveCfg = Release|Any CPU
		{C2F13170-F70D-4AA7-B3F1-F9772D13A5DC}.Release|x86.Build.0 = Release|Any CPU
		{88549DB8-CE64-4811-A301-33B9D2996E60}.Debug|Any CPU.ActiveCfg = Debug|Any CPU
		{88549DB8-CE64-4811-A301-33B9D2996E60}.Debug|Any CPU.Build.0 = Debug|Any CPU
		{88549DB8-CE64-4811-A301-33B9D2996E60}.Debug|x64.ActiveCfg = Debug|Any CPU
		{88549DB8-CE64-4811-A301-33B9D2996E60}.Debug|x64.Build.0 = Debug|Any CPU
		{88549DB8-CE64-4811-A301-33B9D2996E60}.Debug|x86.ActiveCfg = Debug|Any CPU
		{88549DB8-CE64-4811-A301-33B9D2996E60}.Debug|x86.Build.0 = Debug|Any CPU
		{88549DB8-CE64-4811-A301-33B9D2996E60}.Release|Any CPU.ActiveCfg = Release|Any CPU
		{88549DB8-CE64-4811-A301-33B9D2996E60}.Release|Any CPU.Build.0 = Release|Any CPU
		{88549DB8-CE64-4811-A301-33B9D2996E60}.Release|x64.ActiveCfg = Release|Any CPU
		{88549DB8-CE64-4811-A301-33B9D2996E60}.Release|x64.Build.0 = Release|Any CPU
		{88549DB8-CE64-4811-A301-33B9D2996E60}.Release|x86.ActiveCfg = Release|Any CPU
		{88549DB8-CE64-4811-A301-33B9D2996E60}.Release|x86.Build.0 = Release|Any CPU
	EndGlobalSection
	GlobalSection(SolutionProperties) = preSolution
		HideSolutionNode = FALSE
	EndGlobalSection
	GlobalSection(NestedProjects) = preSolution
		{FE360695-3F2B-1049-3887-35FBB5135923} = {827E0CD3-B72D-47B6-A68D-7590B98EB39B}
		{3CF4DF55-732F-4C75-BAC6-318342F42D59} = {FE360695-3F2B-1049-3887-35FBB5135923}
		{34BAE25F-87FC-42B2-8456-04E647A3DE24} = {FE360695-3F2B-1049-3887-35FBB5135923}
		{85FE2D43-FD5F-43DE-9786-81321E57A2B5} = {FE360695-3F2B-1049-3887-35FBB5135923}
		{FB66A01C-9CBA-4A05-8F87-6683A8FFFB40} = {FE360695-3F2B-1049-3887-35FBB5135923}
		{2111781A-9596-431D-8A67-0CB6B94181C7} = {FE360695-3F2B-1049-3887-35FBB5135923}
		{90457DEB-5581-4424-88CB-EEBC6BCD53FF} = {FE360695-3F2B-1049-3887-35FBB5135923}
		{29AEF8A7-DE8C-4563-B07A-54981A2F295D} = {FE360695-3F2B-1049-3887-35FBB5135923}
		{0260DDA0-53BE-4BE4-BD82-FDF334ECDAFA} = {FE360695-3F2B-1049-3887-35FBB5135923}
		{E2E47161-E7B7-46B6-96C9-DAD275757DC3} = {FE360695-3F2B-1049-3887-35FBB5135923}
		{C2F13170-F70D-4AA7-B3F1-F9772D13A5DC} = {FE360695-3F2B-1049-3887-35FBB5135923}
		{88549DB8-CE64-4811-A301-33B9D2996E60} = {FE360695-3F2B-1049-3887-35FBB5135923}
	EndGlobalSection
EndGlobal
